
Microsoft Visual Studio Solution File, Format Version 12.00
# Visual Studio Version 17
VisualStudioVersion = 17.5.33530.505
MinimumVisualStudioVersion = 10.0.40219.1
Project("{FAE04EC0-301F-11D3-BF4B-00C04F79EFBC}") = "baitap", "baitap\baitap.csproj", "{C75D07E8-FA03-4C5A-86A6-AEF67D3F0DBF}"
EndProject
Global
	GlobalSection(SolutionConfigurationPlatforms) = preSolution
		Debug|Any CPU = Debug|Any CPU
		Release|Any CPU = Release|Any CPU
	EndGlobalSection
	GlobalSection(ProjectConfigurationPlatforms) = postSolution
		{C75D07E8-FA03-4C5A-86A6-AEF67D3F0DBF}.Debug|Any CPU.ActiveCfg = Debug|Any CPU
		{C75D07E8-FA03-4C5A-86A6-AEF67D3F0DBF}.Debug|Any CPU.Build.0 = Debug|Any CPU
		{C75D07E8-FA03-4C5A-86A6-AEF67D3F0DBF}.Release|Any CPU.ActiveCfg = Release|Any CPU
		{C75D07E8-FA03-4C5A-86A6-AEF67D3F0DBF}.Release|Any CPU.Build.0 = Release|Any CPU
	EndGlobalSection
	GlobalSection(SolutionProperties) = preSolution
		HideSolutionNode = FALSE
	EndGlobalSection
	GlobalSection(ExtensibilityGlobals) = postSolution
		SolutionGuid = {ED31789E-6174-4A8A-BCAB-542273FDD62D}
	EndGlobalSection
EndGlobal
